// !$*UTF8*$!
{
	archiveVersion = 1;
	classes = {
	};
	objectVersion = 46;
	objects = {

/* Begin PBXBuildFile section */
		1D139642175206710002CB66 /* UIKit.framework in Frameworks */ = {isa = PBXBuildFile; fileRef = 1D139641175206710002CB66 /* UIKit.framework */; };
		1D139644175206710002CB66 /* Foundation.framework in Frameworks */ = {isa = PBXBuildFile; fileRef = 1D139643175206710002CB66 /* Foundation.framework */; };
		1D139646175206710002CB66 /* CoreGraphics.framework in Frameworks */ = {isa = PBXBuildFile; fileRef = 1D139645175206710002CB66 /* CoreGraphics.framework */; };
		1D13964C175206710002CB66 /* InfoPlist.strings in Resources */ = {isa = PBXBuildFile; fileRef = 1D13964A175206710002CB66 /* InfoPlist.strings */; };
		1D13964E175206710002CB66 /* main.m in Sources */ = {isa = PBXBuildFile; fileRef = 1D13964D175206710002CB66 /* main.m */; };
		1D139652175206710002CB66 /* OOTDAppDelegate.m in Sources */ = {isa = PBXBuildFile; fileRef = 1D139651175206710002CB66 /* OOTDAppDelegate.m */; };
		1D139654175206710002CB66 /* Default.png in Resources */ = {isa = PBXBuildFile; fileRef = 1D139653175206710002CB66 /* Default.png */; };
		1D139656175206710002CB66 /* Default@2x.png in Resources */ = {isa = PBXBuildFile; fileRef = 1D139655175206710002CB66 /* Default@2x.png */; };
		1D139658175206710002CB66 /* Default-568h@2x.png in Resources */ = {isa = PBXBuildFile; fileRef = 1D139657175206710002CB66 /* Default-568h@2x.png */; };
/* End PBXBuildFile section */

/* Begin PBXFileReference section */
		1D13963E175206710002CB66 /* OOTD.app */ = {isa = PBXFileReference; explicitFileType = wrapper.application; includeInIndex = 0; path = OOTD.app; sourceTree = BUILT_PRODUCTS_DIR; };
		1D139641175206710002CB66 /* UIKit.framework */ = {isa = PBXFileReference; lastKnownFileType = wrapper.framework; name = UIKit.framework; path = System/Library/Frameworks/UIKit.framework; sourceTree = SDKROOT; };
		1D139643175206710002CB66 /* Foundation.framework */ = {isa = PBXFileReference; lastKnownFileType = wrapper.framework; name = Foundation.framework; path = System/Library/Frameworks/Foundation.framework; sourceTree = SDKROOT; };
		1D139645175206710002CB66 /* CoreGraphics.framework */ = {isa = PBXFileReference; lastKnownFileType = wrapper.framework; name = CoreGraphics.framework; path = System/Library/Frameworks/CoreGraphics.framework; sourceTree = SDKROOT; };
		1D139649175206710002CB66 /* OOTD-Info.plist */ = {isa = PBXFileReference; lastKnownFileType = text.plist.xml; path = "OOTD-Info.plist"; sourceTree = "<group>"; };
		1D13964B175206710002CB66 /* en */ = {isa = PBXFileReference; lastKnownFileType = text.plist.strings; name = en; path = en.lproj/InfoPlist.strings; sourceTree = "<group>"; };
		1D13964D175206710002CB66 /* main.m */ = {isa = PBXFileReference; lastKnownFileType = sourcecode.c.objc; path = main.m; sourceTree = "<group>"; };
		1D13964F175206710002CB66 /* OOTD-Prefix.pch */ = {isa = PBXFileReference; lastKnownFileType = sourcecode.c.h; path = "OOTD-Prefix.pch"; sourceTree = "<group>"; };
		1D139650175206710002CB66 /* OOTDAppDelegate.h */ = {isa = PBXFileReference; lastKnownFileType = sourcecode.c.h; path = OOTDAppDelegate.h; sourceTree = "<group>"; };
		1D139651175206710002CB66 /* OOTDAppDelegate.m */ = {isa = PBXFileReference; lastKnownFileType = sourcecode.c.objc; path = OOTDAppDelegate.m; sourceTree = "<group>"; };
		1D139653175206710002CB66 /* Default.png */ = {isa = PBXFileReference; lastKnownFileType = image.png; path = Default.png; sourceTree = "<group>"; };
		1D139655175206710002CB66 /* Default@2x.png */ = {isa = PBXFileReference; lastKnownFileType = image.png; path = "Default@2x.png"; sourceTree = "<group>"; };
		1D139657175206710002CB66 /* Default-568h@2x.png */ = {isa = PBXFileReference; lastKnownFileType = image.png; path = "Default-568h@2x.png"; sourceTree = "<group>"; };
/* End PBXFileReference section */

/* Begin PBXFrameworksBuildPhase section */
		1D13963B175206710002CB66 /* Frameworks */ = {
			isa = PBXFrameworksBuildPhase;
			buildActionMask = 2147483647;
			files = (
				1D139642175206710002CB66 /* UIKit.framework in Frameworks */,
				1D139644175206710002CB66 /* Foundation.framework in Frameworks */,
				1D139646175206710002CB66 /* CoreGraphics.framework in Frameworks */,
			);
			runOnlyForDeploymentPostprocessing = 0;
		};
/* End PBXFrameworksBuildPhase section */

/* Begin PBXGroup section */
		1D139635175206710002CB66 = {
			isa = PBXGroup;
			children = (
				1D139647175206710002CB66 /* OOTD */,
				1D139640175206710002CB66 /* Frameworks */,
				1D13963F175206710002CB66 /* Products */,
			);
			sourceTree = "<group>";
		};
		1D13963F175206710002CB66 /* Products */ = {
			isa = PBXGroup;
			children = (
				1D13963E175206710002CB66 /* OOTD.app */,
			);
			name = Products;
			sourceTree = "<group>";
		};
		1D139640175206710002CB66 /* Frameworks */ = {
			isa = PBXGroup;
			children = (
				1D139641175206710002CB66 /* UIKit.framework */,
				1D139643175206710002CB66 /* Foundation.framework */,
				1D139645175206710002CB66 /* CoreGraphics.framework */,
			);
			name = Frameworks;
			sourceTree = "<group>";
		};
		1D139647175206710002CB66 /* OOTD */ = {
			isa = PBXGroup;
			children = (
				1D139650175206710002CB66 /* OOTDAppDelegate.h */,
				1D139651175206710002CB66 /* OOTDAppDelegate.m */,
				1D139648175206710002CB66 /* Supporting Files */,
			);
			path = OOTD;
			sourceTree = "<group>";
		};
		1D139648175206710002CB66 /* Supporting Files */ = {
			isa = PBXGroup;
			children = (
				1D139649175206710002CB66 /* OOTD-Info.plist */,
				1D13964A175206710002CB66 /* InfoPlist.strings */,
				1D13964D175206710002CB66 /* main.m */,
				1D13964F175206710002CB66 /* OOTD-Prefix.pch */,
				1D139653175206710002CB66 /* Default.png */,
				1D139655175206710002CB66 /* Default@2x.png */,
				1D139657175206710002CB66 /* Default-568h@2x.png */,
			);
			name = "Supporting Files";
			sourceTree = "<group>";
		};
/* End PBXGroup section */

/* Begin PBXNativeTarget section */
		1D13963D175206710002CB66 /* OOTD */ = {
			isa = PBXNativeTarget;
			buildConfigurationList = 1D13965B175206710002CB66 /* Build configuration list for PBXNativeTarget "OOTD" */;
			buildPhases = (
				1D13963A175206710002CB66 /* Sources */,
				1D13963B175206710002CB66 /* Frameworks */,
				1D13963C175206710002CB66 /* Resources */,
			);
			buildRules = (
			);
			dependencies = (
			);
			name = OOTD;
			productName = OOTD;
			productReference = 1D13963E175206710002CB66 /* OOTD.app */;
			productType = "com.apple.product-type.application";
		};
/* End PBXNativeTarget section */

/* Begin PBXProject section */
		1D139636175206710002CB66 /* Project object */ = {
			isa = PBXProject;
			attributes = {
				CLASSPREFIX = OOTD;
				LastUpgradeCheck = 0460;
				ORGANIZATIONNAME = OOTD;
			};
			buildConfigurationList = 1D139639175206710002CB66 /* Build configuration list for PBXProject "OOTD" */;
			compatibilityVersion = "Xcode 3.2";
			developmentRegion = English;
			hasScannedForEncodings = 0;
			knownRegions = (
				en,
			);
			mainGroup = 1D139635175206710002CB66;
			productRefGroup = 1D13963F175206710002CB66 /* Products */;
			projectDirPath = "";
			projectRoot = "";
			targets = (
				1D13963D175206710002CB66 /* OOTD */,
			);
		};
/* End PBXProject section */

/* Begin PBXResourcesBuildPhase section */
		1D13963C175206710002CB66 /* Resources */ = {
			isa = PBXResourcesBuildPhase;
			buildActionMask = 2147483647;
			files = (
				1D13964C175206710002CB66 /* InfoPlist.strings in Resources */,
				1D139654175206710002CB66 /* Default.png in Resources */,
				1D139656175206710002CB66 /* Default@2x.png in Resources */,
				1D139658175206710002CB66 /* Default-568h@2x.png in Resources */,
			);
			runOnlyForDeploymentPostprocessing = 0;
		};
/* End PBXResourcesBuildPhase section */

/* Begin PBXSourcesBuildPhase section */
		1D13963A175206710002CB66 /* Sources */ = {
			isa = PBXSourcesBuildPhase;
			buildActionMask = 2147483647;
			files = (
				1D13964E175206710002CB66 /* main.m in Sources */,
				1D139652175206710002CB66 /* OOTDAppDelegate.m in Sources */,
			);
			runOnlyForDeploymentPostprocessing = 0;
		};
/* End PBXSourcesBuildPhase section */

/* Begin PBXVariantGroup section */
		1D13964A175206710002CB66 /* InfoPlist.strings */ = {
			isa = PBXVariantGroup;
			children = (
				1D13964B175206710002CB66 /* en */,
			);
			name = InfoPlist.strings;
			sourceTree = "<group>";
		};
/* End PBXVariantGroup section */

/* Begin XCBuildConfiguration section */
		1D139659175206710002CB66 /* Debug */ = {
			isa = XCBuildConfiguration;
			buildSettings = {
				ALWAYS_SEARCH_USER_PATHS = NO;
				CLANG_CXX_LANGUAGE_STANDARD = "gnu++0x";
				CLANG_CXX_LIBRARY = "libc++";
				CLANG_ENABLE_OBJC_ARC = YES;
				CLANG_WARN_CONSTANT_CONVERSION = YES;
				CLANG_WARN_EMPTY_BODY = YES;
				CLANG_WARN_ENUM_CONVERSION = YES;
				CLANG_WARN_INT_CONVERSION = YES;
				CLANG_WARN__DUPLICATE_METHOD_MATCH = YES;
				"CODE_SIGN_IDENTITY[sdk=iphoneos*]" = "iPhone Developer";
				COPY_PHASE_STRIP = NO;
				GCC_C_LANGUAGE_STANDARD = gnu99;
				GCC_DYNAMIC_NO_PIC = NO;
				GCC_OPTIMIZATION_LEVEL = 0;
				GCC_PREPROCESSOR_DEFINITIONS = (
					"DEBUG=1",
					"$(inherited)",
				);
				GCC_SYMBOLS_PRIVATE_EXTERN = NO;
				GCC_WARN_ABOUT_RETURN_TYPE = YES;
				GCC_WARN_UNINITIALIZED_AUTOS = YES;
				GCC_WARN_UNUSED_VARIABLE = YES;
				IPHONEOS_DEPLOYMENT_TARGET = 6.1;
				ONLY_ACTIVE_ARCH = YES;
				SDKROOT = iphoneos;
			};
			name = Debug;
		};
		1D13965A175206710002CB66 /* Release */ = {
			isa = XCBuildConfiguration;
			buildSettings = {
				ALWAYS_SEARCH_USER_PATHS = NO;
				CLANG_CXX_LANGUAGE_STANDARD = "gnu++0x";
				CLANG_CXX_LIBRARY = "libc++";
				CLANG_ENABLE_OBJC_ARC = YES;
				CLANG_WARN_CONSTANT_CONVERSION = YES;
				CLANG_WARN_EMPTY_BODY = YES;
				CLANG_WARN_ENUM_CONVERSION = YES;
				CLANG_WARN_INT_CONVERSION = YES;
				CLANG_WARN__DUPLICATE_METHOD_MATCH = YES;
				"CODE_SIGN_IDENTITY[sdk=iphoneos*]" = "iPhone Developer";
				COPY_PHASE_STRIP = YES;
				GCC_C_LANGUAGE_STANDARD = gnu99;
				GCC_WARN_ABOUT_RETURN_TYPE = YES;
				GCC_WARN_UNINITIALIZED_AUTOS = YES;
				GCC_WARN_UNUSED_VARIABLE = YES;
				IPHONEOS_DEPLOYMENT_TARGET = 6.1;
				OTHER_CFLAGS = "-DNS_BLOCK_ASSERTIONS=1";
				SDKROOT = iphoneos;
				VALIDATE_PRODUCT = YES;
			};
			name = Release;
		};
		1D13965C175206710002CB66 /* Debug */ = {
			isa = XCBuildConfiguration;
			buildSettings = {
				GCC_PRECOMPILE_PREFIX_HEADER = YES;
				GCC_PREFIX_HEADER = "OOTD/OOTD-Prefix.pch";
				INFOPLIST_FILE = "OOTD/OOTD-Info.plist";
				PRODUCT_NAME = "$(TARGET_NAME)";
				WRAPPER_EXTENSION = app;
			};
			name = Debug;
		};
		1D13965D175206710002CB66 /* Release */ = {
			isa = XCBuildConfiguration;
			buildSettings = {
				GCC_PRECOMPILE_PREFIX_HEADER = YES;
				GCC_PREFIX_HEADER = "OOTD/OOTD-Prefix.pch";
				INFOPLIST_FILE = "OOTD/OOTD-Info.plist";
				PRODUCT_NAME = "$(TARGET_NAME)";
				WRAPPER_EXTENSION = app;
			};
			name = Release;
		};
/* End XCBuildConfiguration section */

/* Begin XCConfigurationList section */
		1D139639175206710002CB66 /* Build configuration list for PBXProject "OOTD" */ = {
			isa = XCConfigurationList;
			buildConfigurations = (
				1D139659175206710002CB66 /* Debug */,
				1D13965A175206710002CB66 /* Release */,
			);
			defaultConfigurationIsVisible = 0;
			defaultConfigurationName = Release;
		};
		1D13965B175206710002CB66 /* Build configuration list for PBXNativeTarget "OOTD" */ = {
			isa = XCConfigurationList;
			buildConfigurations = (
				1D13965C175206710002CB66 /* Debug */,
				1D13965D175206710002CB66 /* Release */,
			);
			defaultConfigurationIsVisible = 0;
		};
/* End XCConfigurationList section */
	};
	rootObject = 1D139636175206710002CB66 /* Project object */;
}
